
Microsoft Visual Studio Solution File, Format Version 12.00
# Visual Studio Version 17
VisualStudioVersion = 17.8.34316.72
MinimumVisualStudioVersion = 10.0.40219.1
Project("{FAE04EC0-301F-11D3-BF4B-00C04F79EFBC}") = "Transactions_test_task", "Transactions_test_task.csproj", "{A756B0E2-5C28-4012-B96F-B3008F2BCAF2}"
EndProject
Global
	GlobalSection(SolutionConfigurationPlatforms) = preSolution
		Debug|Any CPU = Debug|Any CPU
		Release|Any CPU = Release|Any CPU
	EndGlobalSection
	GlobalSection(ProjectConfigurationPlatforms) = postSolution
		{A756B0E2-5C28-4012-B96F-B3008F2BCAF2}.Debug|Any CPU.ActiveCfg = Debug|Any CPU
		{A756B0E2-5C28-4012-B96F-B3008F2BCAF2}.Debug|Any CPU.Build.0 = Debug|Any CPU
		{A756B0E2-5C28-4012-B96F-B3008F2BCAF2}.Release|Any CPU.ActiveCfg = Release|Any CPU
		{A756B0E2-5C28-4012-B96F-B3008F2BCAF2}.Release|Any CPU.Build.0 = Release|Any CPU
	EndGlobalSection
	GlobalSection(SolutionProperties) = preSolution
		HideSolutionNode = FALSE
	EndGlobalSection
	GlobalSection(ExtensibilityGlobals) = postSolution
		SolutionGuid = {9BC669BF-78AD-4B37-8BE8-946F7F901D82}
	EndGlobalSection
EndGlobal
